# This file is generated by running "yarn install" inside your project.
# Manual changes might be lost - proceed with caution!

__metadata:
  version: 6
  cacheKey: 8

"@esbuild/android-arm64@npm:0.18.11":
  version: 0.18.11
  resolution: "@esbuild/android-arm64@npm:0.18.11"
  conditions: os=android & cpu=arm64
  languageName: node
  linkType: hard

"@esbuild/android-arm@npm:0.18.11":
  version: 0.18.11
  resolution: "@esbuild/android-arm@npm:0.18.11"
  conditions: os=android & cpu=arm
  languageName: node
  linkType: hard

"@esbuild/android-x64@npm:0.18.11":
  version: 0.18.11
  resolution: "@esbuild/android-x64@npm:0.18.11"
  conditions: os=android & cpu=x64
  languageName: node
  linkType: hard

"@esbuild/darwin-arm64@npm:0.18.11":
  version: 0.18.11
  resolution: "@esbuild/darwin-arm64@npm:0.18.11"
  conditions: os=darwin & cpu=arm64
  languageName: node
  linkType: hard

"@esbuild/darwin-x64@npm:0.18.11":
  version: 0.18.11
  resolution: "@esbuild/darwin-x64@npm:0.18.11"
  conditions: os=darwin & cpu=x64
  languageName: node
  linkType: hard

"@esbuild/freebsd-arm64@npm:0.18.11":
  version: 0.18.11
  resolution: "@esbuild/freebsd-arm64@npm:0.18.11"
  conditions: os=freebsd & cpu=arm64
  languageName: node
  linkType: hard

"@esbuild/freebsd-x64@npm:0.18.11":
  version: 0.18.11
  resolution: "@esbuild/freebsd-x64@npm:0.18.11"
  conditions: os=freebsd & cpu=x64
  languageName: node
  linkType: hard

"@esbuild/linux-arm64@npm:0.18.11":
  version: 0.18.11
  resolution: "@esbuild/linux-arm64@npm:0.18.11"
  conditions: os=linux & cpu=arm64
  languageName: node
  linkType: hard

"@esbuild/linux-arm@npm:0.18.11":
  version: 0.18.11
  resolution: "@esbuild/linux-arm@npm:0.18.11"
  conditions: os=linux & cpu=arm
  languageName: node
  linkType: hard

"@esbuild/linux-ia32@npm:0.18.11":
  version: 0.18.11
  resolution: "@esbuild/linux-ia32@npm:0.18.11"
  conditions: os=linux & cpu=ia32
  languageName: node
  linkType: hard

"@esbuild/linux-loong64@npm:0.18.11":
  version: 0.18.11
  resolution: "@esbuild/linux-loong64@npm:0.18.11"
  conditions: os=linux & cpu=loong64
  languageName: node
  linkType: hard

"@esbuild/linux-mips64el@npm:0.18.11":
  version: 0.18.11
  resolution: "@esbuild/linux-mips64el@npm:0.18.11"
  conditions: os=linux & cpu=mips64el
  languageName: node
  linkType: hard

"@esbuild/linux-ppc64@npm:0.18.11":
  version: 0.18.11
  resolution: "@esbuild/linux-ppc64@npm:0.18.11"
  conditions: os=linux & cpu=ppc64
  languageName: node
  linkType: hard

"@esbuild/linux-riscv64@npm:0.18.11":
  version: 0.18.11
  resolution: "@esbuild/linux-riscv64@npm:0.18.11"
  conditions: os=linux & cpu=riscv64
  languageName: node
  linkType: hard

"@esbuild/linux-s390x@npm:0.18.11":
  version: 0.18.11
  resolution: "@esbuild/linux-s390x@npm:0.18.11"
  conditions: os=linux & cpu=s390x
  languageName: node
  linkType: hard

"@esbuild/linux-x64@npm:0.18.11":
  version: 0.18.11
  resolution: "@esbuild/linux-x64@npm:0.18.11"
  conditions: os=linux & cpu=x64
  languageName: node
  linkType: hard

"@esbuild/netbsd-x64@npm:0.18.11":
  version: 0.18.11
  resolution: "@esbuild/netbsd-x64@npm:0.18.11"
  conditions: os=netbsd & cpu=x64
  languageName: node
  linkType: hard

"@esbuild/openbsd-x64@npm:0.18.11":
  version: 0.18.11
  resolution: "@esbuild/openbsd-x64@npm:0.18.11"
  conditions: os=openbsd & cpu=x64
  languageName: node
  linkType: hard

"@esbuild/sunos-x64@npm:0.18.11":
  version: 0.18.11
  resolution: "@esbuild/sunos-x64@npm:0.18.11"
  conditions: os=sunos & cpu=x64
  languageName: node
  linkType: hard

"@esbuild/win32-arm64@npm:0.18.11":
  version: 0.18.11
  resolution: "@esbuild/win32-arm64@npm:0.18.11"
  conditions: os=win32 & cpu=arm64
  languageName: node
  linkType: hard

"@esbuild/win32-ia32@npm:0.18.11":
  version: 0.18.11
  resolution: "@esbuild/win32-ia32@npm:0.18.11"
  conditions: os=win32 & cpu=ia32
  languageName: node
  linkType: hard

"@esbuild/win32-x64@npm:0.18.11":
  version: 0.18.11
  resolution: "@esbuild/win32-x64@npm:0.18.11"
  conditions: os=win32 & cpu=x64
  languageName: node
  linkType: hard

"@types/marked@npm:5.0.0":
  version: 5.0.0
  resolution: "@types/marked@npm:5.0.0"
  checksum: 4828a51186074ac18bd04e2f84aff17e97ec72b227f9f4be0cedff6de6fe0fec016250bc22b2ae5d40d7cf0e6de1853df5d437f2dfe983cd96928763c75e6e47
  languageName: node
  linkType: hard

"@types/node@npm:18.0.6":
  version: 18.0.6
  resolution: "@types/node@npm:18.0.6"
  checksum: 780f8885a6b6eb12f4c0246617747fdc37a451931b3c01ce8148d356c0903b705dcb16cc6a914de63d48b0dc1b002c7a3dfae681f580e1761aa551d3cd996813
  languageName: node
  linkType: hard

"deploy@workspace:.":
  version: 0.0.0-use.local
  resolution: "deploy@workspace:."
  dependencies:
    "@types/marked": 5.0.0
    "@types/node": 18.0.6
    esbuild: 0.18.11
    highlight.js: 11.8.0
    marked: 5.1.0
    marked-gfm-heading-id: 3.0.4
    marked-highlight: 2.0.1
    marked-mangle: 1.1.0
    mkdirp: 3.0.1
  languageName: unknown
  linkType: soft

"esbuild@npm:0.18.11":
  version: 0.18.11
  resolution: "esbuild@npm:0.18.11"
  dependencies:
    "@esbuild/android-arm": 0.18.11
    "@esbuild/android-arm64": 0.18.11
    "@esbuild/android-x64": 0.18.11
    "@esbuild/darwin-arm64": 0.18.11
    "@esbuild/darwin-x64": 0.18.11
    "@esbuild/freebsd-arm64": 0.18.11
    "@esbuild/freebsd-x64": 0.18.11
    "@esbuild/linux-arm": 0.18.11
    "@esbuild/linux-arm64": 0.18.11
    "@esbuild/linux-ia32": 0.18.11
    "@esbuild/linux-loong64": 0.18.11
    "@esbuild/linux-mips64el": 0.18.11
    "@esbuild/linux-ppc64": 0.18.11
    "@esbuild/linux-riscv64": 0.18.11
    "@esbuild/linux-s390x": 0.18.11
    "@esbuild/linux-x64": 0.18.11
    "@esbuild/netbsd-x64": 0.18.11
    "@esbuild/openbsd-x64": 0.18.11
    "@esbuild/sunos-x64": 0.18.11
    "@esbuild/win32-arm64": 0.18.11
    "@esbuild/win32-ia32": 0.18.11
    "@esbuild/win32-x64": 0.18.11
  dependenciesMeta:
    "@esbuild/android-arm":
      optional: true
    "@esbuild/android-arm64":
      optional: true
    "@esbuild/android-x64":
      optional: true
    "@esbuild/darwin-arm64":
      optional: true
    "@esbuild/darwin-x64":
      optional: true
    "@esbuild/freebsd-arm64":
      optional: true
    "@esbuild/freebsd-x64":
      optional: true
    "@esbuild/linux-arm":
      optional: true
    "@esbuild/linux-arm64":
      optional: true
    "@esbuild/linux-ia32":
      optional: true
    "@esbuild/linux-loong64":
      optional: true
    "@esbuild/linux-mips64el":
      optional: true
    "@esbuild/linux-ppc64":
      optional: true
    "@esbuild/linux-riscv64":
      optional: true
    "@esbuild/linux-s390x":
      optional: true
    "@esbuild/linux-x64":
      optional: true
    "@esbuild/netbsd-x64":
      optional: true
    "@esbuild/openbsd-x64":
      optional: true
    "@esbuild/sunos-x64":
      optional: true
    "@esbuild/win32-arm64":
      optional: true
    "@esbuild/win32-ia32":
      optional: true
    "@esbuild/win32-x64":
      optional: true
  bin:
    esbuild: bin/esbuild
  checksum: fbd981388fe391c4f0a1b71120ca86ee75cc6de88c01bd6883f26d8450cb3beeaae602459f9a8b9dc9e026ad68b67cda2cad5f5327c9960a53fa0cb358c61d97
  languageName: node
  linkType: hard

"github-slugger@npm:^2.0.0":
  version: 2.0.0
  resolution: "github-slugger@npm:2.0.0"
  checksum: 250375cde2058f21454872c2c79f72c4637340c30c51ff158ca4ec71cbc478f33d54477d787a662f9207aeb095a2060f155bc01f15329ba8a5fb6698e0fc81f8
  languageName: node
  linkType: hard

"highlight.js@npm:11.8.0":
  version: 11.8.0
  resolution: "highlight.js@npm:11.8.0"
  checksum: d2578a57aee7315946ff19379053fd0a28b127baabf7617ab1d28d62cdc4eaf3d75053569cb8479a5afdc7a68f1ba9a6c1d612d8ae399b4b9aa43093b4fb6831
  languageName: node
  linkType: hard

"marked-gfm-heading-id@npm:3.0.4":
  version: 3.0.4
  resolution: "marked-gfm-heading-id@npm:3.0.4"
  dependencies:
    github-slugger: ^2.0.0
  peerDependencies:
    marked: ^4 || ^5
  checksum: 8c65d0fe0f59291d6f4529f49a4af00cad5787a72a59b9397f82d6ab58b1affbf53678f7efdca77fa75c32e80bbdab1c53c2aa5d7ece3e821d2fe35a76fb4930
  languageName: node
  linkType: hard

"marked-highlight@npm:2.0.1":
  version: 2.0.1
  resolution: "marked-highlight@npm:2.0.1"
  peerDependencies:
    marked: ^4 || ^5
  checksum: 8102c8d1f2288d77d0eaa065db242f0fc86ef803063ff6f5c2beec9b44d486297c0ee0297c253cdbc21cdb98641f2169cab87021548f876f49f4c9fe8fc361a8
  languageName: node
  linkType: hard

"marked-mangle@npm:1.1.0":
  version: 1.1.0
  resolution: "marked-mangle@npm:1.1.0"
  peerDependencies:
    marked: ^4 || ^5
  checksum: 3897cb6b0ed580e9be029bf78f8b3b22534ca3e0c061fd9e45d0f256263c01f9667122d68235c767583c7109347bd1cc823dca5f428b95460123ba4b212cdb11
  languageName: node
  linkType: hard

"marked@npm:5.1.0":
  version: 5.1.0
  resolution: "marked@npm:5.1.0"
  bin:
    marked: bin/marked.js
  checksum: ecb2b36a4758f725000400113f5107e89512b897251207e514c22605319bdddb6554fe3e68bd73b0d08f855582946e001adddfbfc7080a556a492950fb4b3a09
  languageName: node
  linkType: hard

"mkdirp@npm:3.0.1":
  version: 3.0.1
  resolution: "mkdirp@npm:3.0.1"
  bin:
    mkdirp: dist/cjs/src/bin.js
  checksum: 972deb188e8fb55547f1e58d66bd6b4a3623bf0c7137802582602d73e6480c1c2268dcbafbfb1be466e00cc7e56ac514d7fd9334b7cf33e3e2ab547c16f83a8d
  languageName: node
  linkType: hard
